// !$*UTF8*$!
{
	archiveVersion = 1;
	classes = {
	};
	objectVersion = 46;
	objects = {

/* Begin PBXBuildFile section */
		99A0180F1E67F9F2005784B2 /* main.m in Sources */ = {isa = PBXBuildFile; fileRef = 99A0180E1E67F9F2005784B2 /* main.m */; };
		99A018121E67F9F2005784B2 /* AppDelegate.m in Sources */ = {isa = PBXBuildFile; fileRef = 99A018111E67F9F2005784B2 /* AppDelegate.m */; };
		99A018151E67F9F2005784B2 /* ViewController.m in Sources */ = {isa = PBXBuildFile; fileRef = 99A018141E67F9F2005784B2 /* ViewController.m */; };
		99A018181E67F9F2005784B2 /* Main.storyboard in Resources */ = {isa = PBXBuildFile; fileRef = 99A018161E67F9F2005784B2 /* Main.storyboard */; };
		99A0181A1E67F9F2005784B2 /* Assets.xcassets in Resources */ = {isa = PBXBuildFile; fileRef = 99A018191E67F9F2005784B2 /* Assets.xcassets */; };
		99A0181D1E67F9F2005784B2 /* LaunchScreen.storyboard in Resources */ = {isa = PBXBuildFile; fileRef = 99A0181B1E67F9F2005784B2 /* LaunchScreen.storyboard */; };
		99A018261E67FA81005784B2 /* VariableHeightScrollView.m in Sources */ = {isa = PBXBuildFile; fileRef = 99A018251E67FA81005784B2 /* VariableHeightScrollView.m */; };
		99A018301E67FAAA005784B2 /* 1.jpg in Resources */ = {isa = PBXBuildFile; fileRef = 99A018271E67FAAA005784B2 /* 1.jpg */; };
		99A018311E67FAAA005784B2 /* 2.jpg in Resources */ = {isa = PBXBuildFile; fileRef = 99A018281E67FAAA005784B2 /* 2.jpg */; };
		99A018321E67FAAA005784B2 /* 3.jpg in Resources */ = {isa = PBXBuildFile; fileRef = 99A018291E67FAAA005784B2 /* 3.jpg */; };
		99A018331E67FAAA005784B2 /* 4.jpg in Resources */ = {isa = PBXBuildFile; fileRef = 99A0182A1E67FAAA005784B2 /* 4.jpg */; };
		99A018341E67FAAA005784B2 /* 5.jpg in Resources */ = {isa = PBXBuildFile; fileRef = 99A0182B1E67FAAA005784B2 /* 5.jpg */; };
		99A018351E67FAAA005784B2 /* 6.jpg in Resources */ = {isa = PBXBuildFile; fileRef = 99A0182C1E67FAAA005784B2 /* 6.jpg */; };
		99A018361E67FAAB005784B2 /* 7.jpg in Resources */ = {isa = PBXBuildFile; fileRef = 99A0182D1E67FAAA005784B2 /* 7.jpg */; };
		99A018371E67FAAB005784B2 /* 8.jpg in Resources */ = {isa = PBXBuildFile; fileRef = 99A0182E1E67FAAA005784B2 /* 8.jpg */; };
		99A018381E67FAAB005784B2 /* 9.jpg in Resources */ = {isa = PBXBuildFile; fileRef = 99A0182F1E67FAAA005784B2 /* 9.jpg */; };
/* End PBXBuildFile section */

/* Begin PBXFileReference section */
		99A0180A1E67F9F2005784B2 /* XiaoHongShu_ScrollView.app */ = {isa = PBXFileReference; explicitFileType = wrapper.application; includeInIndex = 0; path = XiaoHongShu_ScrollView.app; sourceTree = BUILT_PRODUCTS_DIR; };
		99A0180E1E67F9F2005784B2 /* main.m */ = {isa = PBXFileReference; lastKnownFileType = sourcecode.c.objc; path = main.m; sourceTree = "<group>"; };
		99A018101E67F9F2005784B2 /* AppDelegate.h */ = {isa = PBXFileReference; lastKnownFileType = sourcecode.c.h; path = AppDelegate.h; sourceTree = "<group>"; };
		99A018111E67F9F2005784B2 /* AppDelegate.m */ = {isa = PBXFileReference; lastKnownFileType = sourcecode.c.objc; path = AppDelegate.m; sourceTree = "<group>"; };
		99A018131E67F9F2005784B2 /* ViewController.h */ = {isa = PBXFileReference; lastKnownFileType = sourcecode.c.h; path = ViewController.h; sourceTree = "<group>"; };
		99A018141E67F9F2005784B2 /* ViewController.m */ = {isa = PBXFileReference; lastKnownFileType = sourcecode.c.objc; path = ViewController.m; sourceTree = "<group>"; };
		99A018171E67F9F2005784B2 /* Base */ = {isa = PBXFileReference; lastKnownFileType = file.storyboard; name = Base; path = Base.lproj/Main.storyboard; sourceTree = "<group>"; };
		99A018191E67F9F2005784B2 /* Assets.xcassets */ = {isa = PBXFileReference; lastKnownFileType = folder.assetcatalog; path = Assets.xcassets; sourceTree = "<group>"; };
		99A0181C1E67F9F2005784B2 /* Base */ = {isa = PBXFileReference; lastKnownFileType = file.storyboard; name = Base; path = Base.lproj/LaunchScreen.storyboard; sourceTree = "<group>"; };
		99A0181E1E67F9F2005784B2 /* Info.plist */ = {isa = PBXFileReference; lastKnownFileType = text.plist.xml; path = Info.plist; sourceTree = "<group>"; };
		99A018241E67FA81005784B2 /* VariableHeightScrollView.h */ = {isa = PBXFileReference; fileEncoding = 4; lastKnownFileType = sourcecode.c.h; path = VariableHeightScrollView.h; sourceTree = "<group>"; };
		99A018251E67FA81005784B2 /* VariableHeightScrollView.m */ = {isa = PBXFileReference; fileEncoding = 4; lastKnownFileType = sourcecode.c.objc; path = VariableHeightScrollView.m; sourceTree = "<group>"; };
		99A018271E67FAAA005784B2 /* 1.jpg */ = {isa = PBXFileReference; lastKnownFileType = image.jpeg; path = 1.jpg; sourceTree = "<group>"; };
		99A018281E67FAAA005784B2 /* 2.jpg */ = {isa = PBXFileReference; lastKnownFileType = image.jpeg; path = 2.jpg; sourceTree = "<group>"; };
		99A018291E67FAAA005784B2 /* 3.jpg */ = {isa = PBXFileReference; lastKnownFileType = image.jpeg; path = 3.jpg; sourceTree = "<group>"; };
		99A0182A1E67FAAA005784B2 /* 4.jpg */ = {isa = PBXFileReference; lastKnownFileType = image.jpeg; path = 4.jpg; sourceTree = "<group>"; };
		99A0182B1E67FAAA005784B2 /* 5.jpg */ = {isa = PBXFileReference; lastKnownFileType = image.jpeg; path = 5.jpg; sourceTree = "<group>"; };
		99A0182C1E67FAAA005784B2 /* 6.jpg */ = {isa = PBXFileReference; lastKnownFileType = image.jpeg; path = 6.jpg; sourceTree = "<group>"; };
		99A0182D1E67FAAA005784B2 /* 7.jpg */ = {isa = PBXFileReference; lastKnownFileType = image.jpeg; path = 7.jpg; sourceTree = "<group>"; };
		99A0182E1E67FAAA005784B2 /* 8.jpg */ = {isa = PBXFileReference; lastKnownFileType = image.jpeg; path = 8.jpg; sourceTree = "<group>"; };
		99A0182F1E67FAAA005784B2 /* 9.jpg */ = {isa = PBXFileReference; lastKnownFileType = image.jpeg; path = 9.jpg; sourceTree = "<group>"; };
/* End PBXFileReference section */

/* Begin PBXFrameworksBuildPhase section */
		99A018071E67F9F2005784B2 /* Frameworks */ = {
			isa = PBXFrameworksBuildPhase;
			buildActionMask = 2147483647;
			files = (
			);
			runOnlyForDeploymentPostprocessing = 0;
		};
/* End PBXFrameworksBuildPhase section */

/* Begin PBXGroup section */
		99A018011E67F9F2005784B2 = {
			isa = PBXGroup;
			children = (
				99A0180C1E67F9F2005784B2 /* XiaoHongShu_ScrollView */,
				99A0180B1E67F9F2005784B2 /* Products */,
			);
			sourceTree = "<group>";
		};
		99A0180B1E67F9F2005784B2 /* Products */ = {
			isa = PBXGroup;
			children = (
				99A0180A1E67F9F2005784B2 /* XiaoHongShu_ScrollView.app */,
			);
			name = Products;
			sourceTree = "<group>";
		};
		99A0180C1E67F9F2005784B2 /* XiaoHongShu_ScrollView */ = {
			isa = PBXGroup;
			children = (
				99A018271E67FAAA005784B2 /* 1.jpg */,
				99A018281E67FAAA005784B2 /* 2.jpg */,
				99A018291E67FAAA005784B2 /* 3.jpg */,
				99A0182A1E67FAAA005784B2 /* 4.jpg */,
				99A0182B1E67FAAA005784B2 /* 5.jpg */,
				99A0182C1E67FAAA005784B2 /* 6.jpg */,
				99A0182D1E67FAAA005784B2 /* 7.jpg */,
				99A0182E1E67FAAA005784B2 /* 8.jpg */,
				99A0182F1E67FAAA005784B2 /* 9.jpg */,
				99A018241E67FA81005784B2 /* VariableHeightScrollView.h */,
				99A018251E67FA81005784B2 /* VariableHeightScrollView.m */,
				99A018101E67F9F2005784B2 /* AppDelegate.h */,
				99A018111E67F9F2005784B2 /* AppDelegate.m */,
				99A018131E67F9F2005784B2 /* ViewController.h */,
				99A018141E67F9F2005784B2 /* ViewController.m */,
				99A018161E67F9F2005784B2 /* Main.storyboard */,
				99A018191E67F9F2005784B2 /* Assets.xcassets */,
				99A0181B1E67F9F2005784B2 /* LaunchScreen.storyboard */,
				99A0181E1E67F9F2005784B2 /* Info.plist */,
				99A0180D1E67F9F2005784B2 /* Supporting Files */,
			);
			path = XiaoHongShu_ScrollView;
			sourceTree = "<group>";
		};
		99A0180D1E67F9F2005784B2 /* Supporting Files */ = {
			isa = PBXGroup;
			children = (
				99A0180E1E67F9F2005784B2 /* main.m */,
			);
			name = "Supporting Files";
			sourceTree = "<group>";
		};
/* End PBXGroup section */

/* Begin PBXNativeTarget section */
		99A018091E67F9F2005784B2 /* XiaoHongShu_ScrollView */ = {
			isa = PBXNativeTarget;
			buildConfigurationList = 99A018211E67F9F2005784B2 /* Build configuration list for PBXNativeTarget "XiaoHongShu_ScrollView" */;
			buildPhases = (
				99A018061E67F9F2005784B2 /* Sources */,
				99A018071E67F9F2005784B2 /* Frameworks */,
				99A018081E67F9F2005784B2 /* Resources */,
			);
			buildRules = (
			);
			dependencies = (
			);
			name = XiaoHongShu_ScrollView;
			productName = XiaoHongShu_ScrollView;
			productReference = 99A0180A1E67F9F2005784B2 /* XiaoHongShu_ScrollView.app */;
			productType = "com.apple.product-type.application";
		};
/* End PBXNativeTarget section */

/* Begin PBXProject section */
		99A018021E67F9F2005784B2 /* Project object */ = {
			isa = PBXProject;
			attributes = {
				LastUpgradeCheck = 0820;
				ORGANIZATIONNAME = "Piao Piao";
				TargetAttributes = {
					99A018091E67F9F2005784B2 = {
						CreatedOnToolsVersion = 8.2.1;
						DevelopmentTeam = HVRJ9B7ZD4;
						ProvisioningStyle = Automatic;
					};
				};
			};
			buildConfigurationList = 99A018051E67F9F2005784B2 /* Build configuration list for PBXProject "XiaoHongShu_ScrollView" */;
			compatibilityVersion = "Xcode 3.2";
			developmentRegion = English;
			hasScannedForEncodings = 0;
			knownRegions = (
				en,
				Base,
			);
			mainGroup = 99A018011E67F9F2005784B2;
			productRefGroup = 99A0180B1E67F9F2005784B2 /* Products */;
			projectDirPath = "";
			projectRoot = "";
			targets = (
				99A018091E67F9F2005784B2 /* XiaoHongShu_ScrollView */,
			);
		};
/* End PBXProject section */

/* Begin PBXResourcesBuildPhase section */
		99A018081E67F9F2005784B2 /* Resources */ = {
			isa = PBXResourcesBuildPhase;
			buildActionMask = 2147483647;
			files = (
				99A018371E67FAAB005784B2 /* 8.jpg in Resources */,
				99A018351E67FAAA005784B2 /* 6.jpg in Resources */,
				99A0181D1E67F9F2005784B2 /* LaunchScreen.storyboard in Resources */,
				99A018341E67FAAA005784B2 /* 5.jpg in Resources */,
				99A018331E67FAAA005784B2 /* 4.jpg in Resources */,
				99A018301E67FAAA005784B2 /* 1.jpg in Resources */,
				99A018311E67FAAA005784B2 /* 2.jpg in Resources */,
				99A018321E67FAAA005784B2 /* 3.jpg in Resources */,
				99A018361E67FAAB005784B2 /* 7.jpg in Resources */,
				99A018381E67FAAB005784B2 /* 9.jpg in Resources */,
				99A0181A1E67F9F2005784B2 /* Assets.xcassets in Resources */,
				99A018181E67F9F2005784B2 /* Main.storyboard in Resources */,
			);
			runOnlyForDeploymentPostprocessing = 0;
		};
/* End PBXResourcesBuildPhase section */

/* Begin PBXSourcesBuildPhase section */
		99A018061E67F9F2005784B2 /* Sources */ = {
			isa = PBXSourcesBuildPhase;
			buildActionMask = 2147483647;
			files = (
				99A018151E67F9F2005784B2 /* ViewController.m in Sources */,
				99A018121E67F9F2005784B2 /* AppDelegate.m in Sources */,
				99A018261E67FA81005784B2 /* VariableHeightScrollView.m in Sources */,
				99A0180F1E67F9F2005784B2 /* main.m in Sources */,
			);
			runOnlyForDeploymentPostprocessing = 0;
		};
/* End PBXSourcesBuildPhase section */

/* Begin PBXVariantGroup section */
		99A018161E67F9F2005784B2 /* Main.storyboard */ = {
			isa = PBXVariantGroup;
			children = (
				99A018171E67F9F2005784B2 /* Base */,
			);
			name = Main.storyboard;
			sourceTree = "<group>";
		};
		99A0181B1E67F9F2005784B2 /* LaunchScreen.storyboard */ = {
			isa = PBXVariantGroup;
			children = (
				99A0181C1E67F9F2005784B2 /* Base */,
			);
			name = LaunchScreen.storyboard;
			sourceTree = "<group>";
		};
/* End PBXVariantGroup section */

/* Begin XCBuildConfiguration section */
		99A0181F1E67F9F2005784B2 /* Debug */ = {
			isa = XCBuildConfiguration;
			buildSettings = {
				ALWAYS_SEARCH_USER_PATHS = NO;
				CLANG_ANALYZER_NONNULL = YES;
				CLANG_CXX_LANGUAGE_STANDARD = "gnu++0x";
				CLANG_CXX_LIBRARY = "libc++";
				CLANG_ENABLE_MODULES = YES;
				CLANG_ENABLE_OBJC_ARC = YES;
				CLANG_WARN_BOOL_CONVERSION = YES;
				CLANG_WARN_CONSTANT_CONVERSION = YES;
				CLANG_WARN_DIRECT_OBJC_ISA_USAGE = YES_ERROR;
				CLANG_WARN_DOCUMENTATION_COMMENTS = YES;
				CLANG_WARN_EMPTY_BODY = YES;
				CLANG_WARN_ENUM_CONVERSION = YES;
				CLANG_WARN_INFINITE_RECURSION = YES;
				CLANG_WARN_INT_CONVERSION = YES;
				CLANG_WARN_OBJC_ROOT_CLASS = YES_ERROR;
				CLANG_WARN_SUSPICIOUS_MOVE = YES;
				CLANG_WARN_UNREACHABLE_CODE = YES;
				CLANG_WARN__DUPLICATE_METHOD_MATCH = YES;
				"CODE_SIGN_IDENTITY[sdk=iphoneos*]" = "iPhone Developer";
				COPY_PHASE_STRIP = NO;
				DEBUG_INFORMATION_FORMAT = dwarf;
				ENABLE_STRICT_OBJC_MSGSEND = YES;
				ENABLE_TESTABILITY = YES;
				GCC_C_LANGUAGE_STANDARD = gnu99;
				GCC_DYNAMIC_NO_PIC = NO;
				GCC_NO_COMMON_BLOCKS = YES;
				GCC_OPTIMIZATION_LEVEL = 0;
				GCC_PREPROCESSOR_DEFINITIONS = (
					"DEBUG=1",
					"$(inherited)",
				);
				GCC_WARN_64_TO_32_BIT_CONVERSION = YES;
				GCC_WARN_ABOUT_RETURN_TYPE = YES_ERROR;
				GCC_WARN_UNDECLARED_SELECTOR = YES;
				GCC_WARN_UNINITIALIZED_AUTOS = YES_AGGRESSIVE;
				GCC_WARN_UNUSED_FUNCTION = YES;
				GCC_WARN_UNUSED_VARIABLE = YES;
				IPHONEOS_DEPLOYMENT_TARGET = 10.2;
				MTL_ENABLE_DEBUG_INFO = YES;
				ONLY_ACTIVE_ARCH = YES;
				SDKROOT = iphoneos;
				TARGETED_DEVICE_FAMILY = "1,2";
			};
			name = Debug;
		};
		99A018201E67F9F2005784B2 /* Release */ = {
			isa = XCBuildConfiguration;
			buildSettings = {
				ALWAYS_SEARCH_USER_PATHS = NO;
				CLANG_ANALYZER_NONNULL = YES;
				CLANG_CXX_LANGUAGE_STANDARD = "gnu++0x";
				CLANG_CXX_LIBRARY = "libc++";
				CLANG_ENABLE_MODULES = YES;
				CLANG_ENABLE_OBJC_ARC = YES;
				CLANG_WARN_BOOL_CONVERSION = YES;
				CLANG_WARN_CONSTANT_CONVERSION = YES;
				CLANG_WARN_DIRECT_OBJC_ISA_USAGE = YES_ERROR;
				CLANG_WARN_DOCUMENTATION_COMMENTS = YES;
				CLANG_WARN_EMPTY_BODY = YES;
				CLANG_WARN_ENUM_CONVERSION = YES;
				CLANG_WARN_INFINITE_RECURSION = YES;
				CLANG_WARN_INT_CONVERSION = YES;
				CLANG_WARN_OBJC_ROOT_CLASS = YES_ERROR;
				CLANG_WARN_SUSPICIOUS_MOVE = YES;
				CLANG_WARN_UNREACHABLE_CODE = YES;
				CLANG_WARN__DUPLICATE_METHOD_MATCH = YES;
				"CODE_SIGN_IDENTITY[sdk=iphoneos*]" = "iPhone Developer";
				COPY_PHASE_STRIP = NO;
				DEBUG_INFORMATION_FORMAT = "dwarf-with-dsym";
				ENABLE_NS_ASSERTIONS = NO;
				ENABLE_STRICT_OBJC_MSGSEND = YES;
				GCC_C_LANGUAGE_STANDARD = gnu99;
				GCC_NO_COMMON_BLOCKS = YES;
				GCC_WARN_64_TO_32_BIT_CONVERSION = YES;
				GCC_WARN_ABOUT_RETURN_TYPE = YES_ERROR;
				GCC_WARN_UNDECLARED_SELECTOR = YES;
				GCC_WARN_UNINITIALIZED_AUTOS = YES_AGGRESSIVE;
				GCC_WARN_UNUSED_FUNCTION = YES;
				GCC_WARN_UNUSED_VARIABLE = YES;
				IPHONEOS_DEPLOYMENT_TARGET = 10.2;
				MTL_ENABLE_DEBUG_INFO = NO;
				SDKROOT = iphoneos;
				TARGETED_DEVICE_FAMILY = "1,2";
				VALIDATE_PRODUCT = YES;
			};
			name = Release;
		};
		99A018221E67F9F2005784B2 /* Debug */ = {
			isa = XCBuildConfiguration;
			buildSettings = {
				ASSETCATALOG_COMPILER_APPICON_NAME = AppIcon;
				DEVELOPMENT_TEAM = HVRJ9B7ZD4;
				INFOPLIST_FILE = XiaoHongShu_ScrollView/Info.plist;
				LD_RUNPATH_SEARCH_PATHS = "$(inherited) @executable_path/Frameworks";
				PRODUCT_BUNDLE_IDENTIFIER = "sfs.XiaoHongShu-ScrollView";
				PRODUCT_NAME = "$(TARGET_NAME)";
			};
			name = Debug;
		};
		99A018231E67F9F2005784B2 /* Release */ = {
			isa = XCBuildConfiguration;
			buildSettings = {
				ASSETCATALOG_COMPILER_APPICON_NAME = AppIcon;
				DEVELOPMENT_TEAM = HVRJ9B7ZD4;
				INFOPLIST_FILE = XiaoHongShu_ScrollView/Info.plist;
				LD_RUNPATH_SEARCH_PATHS = "$(inherited) @executable_path/Frameworks";
				PRODUCT_BUNDLE_IDENTIFIER = "sfs.XiaoHongShu-ScrollView";
				PRODUCT_NAME = "$(TARGET_NAME)";
			};
			name = Release;
		};
/* End XCBuildConfiguration section */

/* Begin XCConfigurationList section */
		99A018051E67F9F2005784B2 /* Build configuration list for PBXProject "XiaoHongShu_ScrollView" */ = {
			isa = XCConfigurationList;
			buildConfigurations = (
				99A0181F1E67F9F2005784B2 /* Debug */,
				99A018201E67F9F2005784B2 /* Release */,
			);
			defaultConfigurationIsVisible = 0;
			defaultConfigurationName = Release;
		};
		99A018211E67F9F2005784B2 /* Build configuration list for PBXNativeTarget "XiaoHongShu_ScrollView" */ = {
			isa = XCConfigurationList;
			buildConfigurations = (
				99A018221E67F9F2005784B2 /* Debug */,
				99A018231E67F9F2005784B2 /* Release */,
			);
			defaultConfigurationIsVisible = 0;
		};
/* End XCConfigurationList section */
	};
	rootObject = 99A018021E67F9F2005784B2 /* Project object */;
}
